# THIS IS AN AUTOGENERATED FILE. DO NOT EDIT THIS FILE DIRECTLY.
# yarn lockfile v1


foundation-sites@^6.7.5:
  version "6.7.5"
  resolved "https://registry.yarnpkg.com/foundation-sites/-/foundation-sites-6.7.5.tgz#6bc2bdd06819e6ed4d7fd8e3090246a0b6ac81c0"
  integrity sha512-MEjAENdF/IV2XQvlQmg20o+iDTyyWu0N/j440e8fKbEylbKxARzgg5S7vcnxtjukC1Lqg+rRm7ZDSSyGhVVoUQ==
